
Microsoft Visual Studio Solution File, Format Version 12.00
# Visual Studio Version 16
VisualStudioVersion = 16.0.29503.13
MinimumVisualStudioVersion = 10.0.40219.1
Project("{FAE04EC0-301F-11D3-BF4B-00C04F79EFBC}") = "PruebaGit", "PruebaGit\PruebaGit.csproj", "{94696642-B22F-4984-9CBA-E97B247B940B}"
EndProject
Global
	GlobalSection(SolutionConfigurationPlatforms) = preSolution
		Debug|Any CPU = Debug|Any CPU
		Release|Any CPU = Release|Any CPU
	EndGlobalSection
	GlobalSection(ProjectConfigurationPlatforms) = postSolution
		{94696642-B22F-4984-9CBA-E97B247B940B}.Debug|Any CPU.ActiveCfg = Debug|Any CPU
		{94696642-B22F-4984-9CBA-E97B247B940B}.Debug|Any CPU.Build.0 = Debug|Any CPU
		{94696642-B22F-4984-9CBA-E97B247B940B}.Release|Any CPU.ActiveCfg = Release|Any CPU
		{94696642-B22F-4984-9CBA-E97B247B940B}.Release|Any CPU.Build.0 = Release|Any CPU
	EndGlobalSection
	GlobalSection(SolutionProperties) = preSolution
		HideSolutionNode = FALSE
	EndGlobalSection
	GlobalSection(ExtensibilityGlobals) = postSolution
		SolutionGuid = {822077F9-4F35-4269-863D-F198B39D9511}
	EndGlobalSection
EndGlobal
